
Microsoft Visual Studio Solution File, Format Version 12.00
# Visual Studio Version 17
VisualStudioVersion = 17.5.33516.290
MinimumVisualStudioVersion = 10.0.40219.1
Project("{FAE04EC0-301F-11D3-BF4B-00C04F79EFBC}") = "WebApplication3", "WebApplication3\WebApplication3.csproj", "{3018A0B4-A87A-45EE-AC98-44F4B25B0FF4}"
EndProject
Global
	GlobalSection(SolutionConfigurationPlatforms) = preSolution
		Debug|Any CPU = Debug|Any CPU
		Release|Any CPU = Release|Any CPU
	EndGlobalSection
	GlobalSection(ProjectConfigurationPlatforms) = postSolution
		{3018A0B4-A87A-45EE-AC98-44F4B25B0FF4}.Debug|Any CPU.ActiveCfg = Debug|Any CPU
		{3018A0B4-A87A-45EE-AC98-44F4B25B0FF4}.Debug|Any CPU.Build.0 = Debug|Any CPU
		{3018A0B4-A87A-45EE-AC98-44F4B25B0FF4}.Release|Any CPU.ActiveCfg = Release|Any CPU
		{3018A0B4-A87A-45EE-AC98-44F4B25B0FF4}.Release|Any CPU.Build.0 = Release|Any CPU
	EndGlobalSection
	GlobalSection(SolutionProperties) = preSolution
		HideSolutionNode = FALSE
	EndGlobalSection
	GlobalSection(ExtensibilityGlobals) = postSolution
		SolutionGuid = {E1EB17E3-5869-4083-B24C-B743E43B20D8}
	EndGlobalSection
EndGlobal
