
Microsoft Visual Studio Solution File, Format Version 12.00
# Visual Studio Version 17
VisualStudioVersion = 17.5.33516.290
MinimumVisualStudioVersion = 10.0.40219.1
Project("{FAE04EC0-301F-11D3-BF4B-00C04F79EFBC}") = "NLogDemo", "NLogDemo\NLogDemo.csproj", "{48515BCD-0497-4204-BEC1-85D727C8C12A}"
EndProject
Global
	GlobalSection(SolutionConfigurationPlatforms) = preSolution
		Debug|Any CPU = Debug|Any CPU
		Release|Any CPU = Release|Any CPU
	EndGlobalSection
	GlobalSection(ProjectConfigurationPlatforms) = postSolution
		{48515BCD-0497-4204-BEC1-85D727C8C12A}.Debug|Any CPU.ActiveCfg = Debug|Any CPU
		{48515BCD-0497-4204-BEC1-85D727C8C12A}.Debug|Any CPU.Build.0 = Debug|Any CPU
		{48515BCD-0497-4204-BEC1-85D727C8C12A}.Release|Any CPU.ActiveCfg = Release|Any CPU
		{48515BCD-0497-4204-BEC1-85D727C8C12A}.Release|Any CPU.Build.0 = Release|Any CPU
	EndGlobalSection
	GlobalSection(SolutionProperties) = preSolution
		HideSolutionNode = FALSE
	EndGlobalSection
	GlobalSection(ExtensibilityGlobals) = postSolution
		SolutionGuid = {9D49CDD6-19F9-43F7-8729-62058C0D322A}
	EndGlobalSection
EndGlobal
