
Microsoft Visual Studio Solution File, Format Version 12.00
# Visual Studio Version 17
VisualStudioVersion = 17.14.36518.9 d17.14
MinimumVisualStudioVersion = 10.0.40219.1
Project("{FAE04EC0-301F-11D3-BF4B-00C04F79EFBC}") = "OOPTypesAndKeywordsDemo", "OOPTypesAndKeywordsDemo\OOPTypesAndKeywordsDemo.csproj", "{9375414C-07CA-42F0-92AF-E03CEC831AAB}"
EndProject
Global
	GlobalSection(SolutionConfigurationPlatforms) = preSolution
		Debug|Any CPU = Debug|Any CPU
		Release|Any CPU = Release|Any CPU
	EndGlobalSection
	GlobalSection(ProjectConfigurationPlatforms) = postSolution
		{9375414C-07CA-42F0-92AF-E03CEC831AAB}.Debug|Any CPU.ActiveCfg = Debug|Any CPU
		{9375414C-07CA-42F0-92AF-E03CEC831AAB}.Debug|Any CPU.Build.0 = Debug|Any CPU
		{9375414C-07CA-42F0-92AF-E03CEC831AAB}.Release|Any CPU.ActiveCfg = Release|Any CPU
		{9375414C-07CA-42F0-92AF-E03CEC831AAB}.Release|Any CPU.Build.0 = Release|Any CPU
	EndGlobalSection
	GlobalSection(SolutionProperties) = preSolution
		HideSolutionNode = FALSE
	EndGlobalSection
	GlobalSection(ExtensibilityGlobals) = postSolution
		SolutionGuid = {0F2134B4-C0D1-4A29-A2BE-8F69D92E40C2}
	EndGlobalSection
EndGlobal
