
Microsoft Visual Studio Solution File, Format Version 12.00
# Visual Studio Version 17
VisualStudioVersion = 17.5.33516.290
MinimumVisualStudioVersion = 10.0.40219.1
Project("{FAE04EC0-301F-11D3-BF4B-00C04F79EFBC}") = "SwaggerDocumentation", "SwaggerDocumentation\SwaggerDocumentation.csproj", "{A876E3F6-CE35-4A94-A590-4D825F6DAB89}"
EndProject
Global
	GlobalSection(SolutionConfigurationPlatforms) = preSolution
		Debug|Any CPU = Debug|Any CPU
		Release|Any CPU = Release|Any CPU
	EndGlobalSection
	GlobalSection(ProjectConfigurationPlatforms) = postSolution
		{A876E3F6-CE35-4A94-A590-4D825F6DAB89}.Debug|Any CPU.ActiveCfg = Debug|Any CPU
		{A876E3F6-CE35-4A94-A590-4D825F6DAB89}.Debug|Any CPU.Build.0 = Debug|Any CPU
		{A876E3F6-CE35-4A94-A590-4D825F6DAB89}.Release|Any CPU.ActiveCfg = Release|Any CPU
		{A876E3F6-CE35-4A94-A590-4D825F6DAB89}.Release|Any CPU.Build.0 = Release|Any CPU
	EndGlobalSection
	GlobalSection(SolutionProperties) = preSolution
		HideSolutionNode = FALSE
	EndGlobalSection
	GlobalSection(ExtensibilityGlobals) = postSolution
		SolutionGuid = {E3AAD549-382A-4F8E-A69E-B6858B90C3FA}
	EndGlobalSection
EndGlobal
