
Microsoft Visual Studio Solution File, Format Version 12.00
# Visual Studio Version 17
VisualStudioVersion = 17.13.35919.96 d17.13
MinimumVisualStudioVersion = 10.0.40219.1
Project("{FAE04EC0-301F-11D3-BF4B-00C04F79EFBC}") = "LibraryCheckIn", "LibraryCheckIn\LibraryCheckIn.csproj", "{48D5950A-7538-4B94-8682-7524C0784D2C}"
EndProject
Project("{FAE04EC0-301F-11D3-BF4B-00C04F79EFBC}") = "LibraryCheckInDomain", "LibraryCheckInDomain'\LibraryCheckInDomain.csproj", "{5EB1DFC3-D25B-4952-9C4B-5AA3D999FAB7}"
EndProject
Project("{FAE04EC0-301F-11D3-BF4B-00C04F79EFBC}") = "LibraryCheckInIO", "LibraryCheckInIO\LibraryCheckInIO.csproj", "{28041254-B10B-4D2C-B1D9-C3BE0DBA0E88}"
EndProject
Global
	GlobalSection(SolutionConfigurationPlatforms) = preSolution
		Debug|Any CPU = Debug|Any CPU
		Release|Any CPU = Release|Any CPU
	EndGlobalSection
	GlobalSection(ProjectConfigurationPlatforms) = postSolution
		{48D5950A-7538-4B94-8682-7524C0784D2C}.Debug|Any CPU.ActiveCfg = Debug|Any CPU
		{48D5950A-7538-4B94-8682-7524C0784D2C}.Debug|Any CPU.Build.0 = Debug|Any CPU
		{48D5950A-7538-4B94-8682-7524C0784D2C}.Release|Any CPU.ActiveCfg = Release|Any CPU
		{48D5950A-7538-4B94-8682-7524C0784D2C}.Release|Any CPU.Build.0 = Release|Any CPU
		{5EB1DFC3-D25B-4952-9C4B-5AA3D999FAB7}.Debug|Any CPU.ActiveCfg = Debug|Any CPU
		{5EB1DFC3-D25B-4952-9C4B-5AA3D999FAB7}.Debug|Any CPU.Build.0 = Debug|Any CPU
		{5EB1DFC3-D25B-4952-9C4B-5AA3D999FAB7}.Release|Any CPU.ActiveCfg = Release|Any CPU
		{5EB1DFC3-D25B-4952-9C4B-5AA3D999FAB7}.Release|Any CPU.Build.0 = Release|Any CPU
		{28041254-B10B-4D2C-B1D9-C3BE0DBA0E88}.Debug|Any CPU.ActiveCfg = Debug|Any CPU
		{28041254-B10B-4D2C-B1D9-C3BE0DBA0E88}.Debug|Any CPU.Build.0 = Debug|Any CPU
		{28041254-B10B-4D2C-B1D9-C3BE0DBA0E88}.Release|Any CPU.ActiveCfg = Release|Any CPU
		{28041254-B10B-4D2C-B1D9-C3BE0DBA0E88}.Release|Any CPU.Build.0 = Release|Any CPU
	EndGlobalSection
	GlobalSection(SolutionProperties) = preSolution
		HideSolutionNode = FALSE
	EndGlobalSection
	GlobalSection(ExtensibilityGlobals) = postSolution
		SolutionGuid = {964762BA-2BB7-4A71-86AF-10D92117875D}
	EndGlobalSection
EndGlobal
