
Microsoft Visual Studio Solution File, Format Version 12.00
# Visual Studio Version 17
VisualStudioVersion = 17.14.36518.9 d17.14
MinimumVisualStudioVersion = 10.0.40219.1
Project("{FAE04EC0-301F-11D3-BF4B-00C04F79EFBC}") = "SerializationDemo", "SerializationDemo\SerializationDemo.csproj", "{FF44D064-56C6-433D-B8DE-6731F8FB3FE2}"
EndProject
Global
	GlobalSection(SolutionConfigurationPlatforms) = preSolution
		Debug|Any CPU = Debug|Any CPU
		Release|Any CPU = Release|Any CPU
	EndGlobalSection
	GlobalSection(ProjectConfigurationPlatforms) = postSolution
		{FF44D064-56C6-433D-B8DE-6731F8FB3FE2}.Debug|Any CPU.ActiveCfg = Debug|Any CPU
		{FF44D064-56C6-433D-B8DE-6731F8FB3FE2}.Debug|Any CPU.Build.0 = Debug|Any CPU
		{FF44D064-56C6-433D-B8DE-6731F8FB3FE2}.Release|Any CPU.ActiveCfg = Release|Any CPU
		{FF44D064-56C6-433D-B8DE-6731F8FB3FE2}.Release|Any CPU.Build.0 = Release|Any CPU
	EndGlobalSection
	GlobalSection(SolutionProperties) = preSolution
		HideSolutionNode = FALSE
	EndGlobalSection
	GlobalSection(ExtensibilityGlobals) = postSolution
		SolutionGuid = {0127563E-6D06-4D5F-A9CD-4B19F686C556}
	EndGlobalSection
EndGlobal
