
Microsoft Visual Studio Solution File, Format Version 12.00
# Visual Studio Version 17
VisualStudioVersion = 17.14.36518.9 d17.14
MinimumVisualStudioVersion = 10.0.40219.1
Project("{FAE04EC0-301F-11D3-BF4B-00C04F79EFBC}") = "ADO.NET", "ADO.NET\ADO.NET.csproj", "{542308B5-BCB5-4AA4-B6F4-905CF2689CB2}"
EndProject
Global
	GlobalSection(SolutionConfigurationPlatforms) = preSolution
		Debug|Any CPU = Debug|Any CPU
		Release|Any CPU = Release|Any CPU
	EndGlobalSection
	GlobalSection(ProjectConfigurationPlatforms) = postSolution
		{542308B5-BCB5-4AA4-B6F4-905CF2689CB2}.Debug|Any CPU.ActiveCfg = Debug|Any CPU
		{542308B5-BCB5-4AA4-B6F4-905CF2689CB2}.Debug|Any CPU.Build.0 = Debug|Any CPU
		{542308B5-BCB5-4AA4-B6F4-905CF2689CB2}.Release|Any CPU.ActiveCfg = Release|Any CPU
		{542308B5-BCB5-4AA4-B6F4-905CF2689CB2}.Release|Any CPU.Build.0 = Release|Any CPU
	EndGlobalSection
	GlobalSection(SolutionProperties) = preSolution
		HideSolutionNode = FALSE
	EndGlobalSection
	GlobalSection(ExtensibilityGlobals) = postSolution
		SolutionGuid = {6D9C0DC7-3E78-494F-A37C-F19D88B138AE}
	EndGlobalSection
EndGlobal
