
Microsoft Visual Studio Solution File, Format Version 12.00
# Visual Studio Version 17
VisualStudioVersion = 17.5.33516.290
MinimumVisualStudioVersion = 10.0.40219.1
Project("{FAE04EC0-301F-11D3-BF4B-00C04F79EFBC}") = "RateLimitingDemo", "RateLimitingDemo\RateLimitingDemo.csproj", "{8DDF37A6-F54A-4FE3-94CC-57D95E3244AA}"
EndProject
Global
	GlobalSection(SolutionConfigurationPlatforms) = preSolution
		Debug|Any CPU = Debug|Any CPU
		Release|Any CPU = Release|Any CPU
	EndGlobalSection
	GlobalSection(ProjectConfigurationPlatforms) = postSolution
		{8DDF37A6-F54A-4FE3-94CC-57D95E3244AA}.Debug|Any CPU.ActiveCfg = Debug|Any CPU
		{8DDF37A6-F54A-4FE3-94CC-57D95E3244AA}.Debug|Any CPU.Build.0 = Debug|Any CPU
		{8DDF37A6-F54A-4FE3-94CC-57D95E3244AA}.Release|Any CPU.ActiveCfg = Release|Any CPU
		{8DDF37A6-F54A-4FE3-94CC-57D95E3244AA}.Release|Any CPU.Build.0 = Release|Any CPU
	EndGlobalSection
	GlobalSection(SolutionProperties) = preSolution
		HideSolutionNode = FALSE
	EndGlobalSection
	GlobalSection(ExtensibilityGlobals) = postSolution
		SolutionGuid = {EF0FFB4C-DCE2-4B9D-9587-E085C2C2A565}
	EndGlobalSection
EndGlobal
