
Microsoft Visual Studio Solution File, Format Version 12.00
# Visual Studio Version 17
VisualStudioVersion = 17.14.36518.9 d17.14
MinimumVisualStudioVersion = 10.0.40219.1
Project("{FAE04EC0-301F-11D3-BF4B-00C04F79EFBC}") = "DynamicTypeDEmo", "DynamicTypeDEmo\DynamicTypeDEmo.csproj", "{DAD6B5D2-4EAE-48A4-BD47-3E72D0A06318}"
EndProject
Global
	GlobalSection(SolutionConfigurationPlatforms) = preSolution
		Debug|Any CPU = Debug|Any CPU
		Release|Any CPU = Release|Any CPU
	EndGlobalSection
	GlobalSection(ProjectConfigurationPlatforms) = postSolution
		{DAD6B5D2-4EAE-48A4-BD47-3E72D0A06318}.Debug|Any CPU.ActiveCfg = Debug|Any CPU
		{DAD6B5D2-4EAE-48A4-BD47-3E72D0A06318}.Debug|Any CPU.Build.0 = Debug|Any CPU
		{DAD6B5D2-4EAE-48A4-BD47-3E72D0A06318}.Release|Any CPU.ActiveCfg = Release|Any CPU
		{DAD6B5D2-4EAE-48A4-BD47-3E72D0A06318}.Release|Any CPU.Build.0 = Release|Any CPU
	EndGlobalSection
	GlobalSection(SolutionProperties) = preSolution
		HideSolutionNode = FALSE
	EndGlobalSection
	GlobalSection(ExtensibilityGlobals) = postSolution
		SolutionGuid = {99938FB4-729E-4465-A00B-E7A76B13856A}
	EndGlobalSection
EndGlobal
